{
  "name": "drizzle-box",
  "version": "1.0.0",
  "lockfileVersion": 1,
  "requires": true,
  "dependencies": {
    "@openzeppelin/contracts": {
      "version": "2.5.1",
      "resolved": "https://registry.npmjs.org/@openzeppelin/contracts/-/contracts-2.5.1.tgz",
      "integrity": "sha512-qIy6tLx8rtybEsIOAlrM4J/85s2q2nPkDqj/Rx46VakBZ0LwtFhXIVub96LXHczQX0vaqmAueDqNPXtbSXSaYQ=="
    },
    "bignumber.js": {
      "version": "8.1.1",
      "resolved": "https://registry.npmjs.org/bignumber.js/-/bignumber.js-8.1.1.tgz",
      "integrity": "sha512-QD46ppGintwPGuL1KqmwhR0O+N2cZUg8JG/VzwI2e28sM9TqHjQB10lI4QAaMHVbLzwVLLAwEglpKPViWX+5NQ=="
    },
    "ether-converter": {
      "version": "0.0.10",
      "resolved": "https://registry.npmjs.org/ether-converter/-/ether-converter-0.0.10.tgz",
      "integrity": "sha512-x6YyEeGfOLfNKejgtJhlGotC+d9xPZFgUhunEkDFi8VxlVm6Nge1LLRqvw8Y+Hz0TqffIoDsMf6oExmthXwJQg==",
      "requires": {
        "bignumber.js": "^8.0.1"
      }
    }
  }
}
